
Microsoft Visual Studio Solution File, Format Version 12.00
# Visual Studio Version 17
VisualStudioVersion = 17.13.35931.197 d17.13
MinimumVisualStudioVersion = 10.0.40219.1
Project("{FAE04EC0-301F-11D3-BF4B-00C04F79EFBC}") = "DapperProject", "DapperProject\DapperProject.csproj", "{73C576A3-5744-4EE1-B8C0-D3628259CE32}"
EndProject
Global
	GlobalSection(SolutionConfigurationPlatforms) = preSolution
		Debug|Any CPU = Debug|Any CPU
		Release|Any CPU = Release|Any CPU
	EndGlobalSection
	GlobalSection(ProjectConfigurationPlatforms) = postSolution
		{73C576A3-5744-4EE1-B8C0-D3628259CE32}.Debug|Any CPU.ActiveCfg = Debug|Any CPU
		{73C576A3-5744-4EE1-B8C0-D3628259CE32}.Debug|Any CPU.Build.0 = Debug|Any CPU
		{73C576A3-5744-4EE1-B8C0-D3628259CE32}.Release|Any CPU.ActiveCfg = Release|Any CPU
		{73C576A3-5744-4EE1-B8C0-D3628259CE32}.Release|Any CPU.Build.0 = Release|Any CPU
	EndGlobalSection
	GlobalSection(SolutionProperties) = preSolution
		HideSolutionNode = FALSE
	EndGlobalSection
	GlobalSection(ExtensibilityGlobals) = postSolution
		SolutionGuid = {17658167-9EAF-489B-B326-F3FB72F5345F}
	EndGlobalSection
EndGlobal
